Microsoft Visual Studio Solution File, Format Version 11.00
# Visual Studio 2008

Project("{E5899156-2ED0-170D-00C3-886FABE77446}") = "MDSGDemo5.21.4", "Assembly-CSharp-vs.csproj", "{513D421A-0B1D-2807-AEFF-CA5BD92F63F3}"
EndProject
Project("{E5899156-2ED0-170D-00C3-886FABE77446}") = "MDSGDemo5.21.4", "Assembly-CSharp-Editor-vs.csproj", "{8FE4D1A0-4FBF-64BD-6ED2-3046340930C4}"
EndProject
Global
	GlobalSection(SolutionConfigurationPlatforms) = preSolution
		Debug|Any CPU = Debug|Any CPU
		Release|Any CPU = Release|Any CPU
	EndGlobalSection
	GlobalSection(ProjectConfigurationPlatforms) = postSolution
		{513D421A-0B1D-2807-AEFF-CA5BD92F63F3}.Debug|Any CPU.ActiveCfg = Debug|Any CPU
		{513D421A-0B1D-2807-AEFF-CA5BD92F63F3}.Debug|Any CPU.Build.0 = Debug|Any CPU
		{513D421A-0B1D-2807-AEFF-CA5BD92F63F3}.Release|Any CPU.ActiveCfg = Release|Any CPU
		{513D421A-0B1D-2807-AEFF-CA5BD92F63F3}.Release|Any CPU.Build.0 = Release|Any CPU
		{8FE4D1A0-4FBF-64BD-6ED2-3046340930C4}.Debug|Any CPU.ActiveCfg = Debug|Any CPU
		{8FE4D1A0-4FBF-64BD-6ED2-3046340930C4}.Debug|Any CPU.Build.0 = Debug|Any CPU
		{8FE4D1A0-4FBF-64BD-6ED2-3046340930C4}.Release|Any CPU.ActiveCfg = Release|Any CPU
		{8FE4D1A0-4FBF-64BD-6ED2-3046340930C4}.Release|Any CPU.Build.0 = Release|Any CPU
	EndGlobalSection
	GlobalSection(SolutionProperties) = preSolution
		HideSolutionNode = FALSE
	EndGlobalSection
						GlobalSection(MonoDevelopProperties) = preSolution
		StartupItem = Assembly-CSharp.csproj
		Policies = $0
		$0.TextStylePolicy = $1
		$1.inheritsSet = null
		$1.scope = text/x-csharp
		$0.CSharpFormattingPolicy = $2
		$2.inheritsSet = Mono
		$2.inheritsScope = text/x-csharp
		$2.scope = text/x-csharp
		$0.TextStylePolicy = $3
		$3.FileWidth = 120
		$3.TabWidth = 4
		$3.EolMarker = Unix
		$3.inheritsSet = Mono
		$3.inheritsScope = text/plain
		$3.scope = text/plain
	EndGlobalSection

EndGlobal
